{
  "requires": true,
  "lockfileVersion": 1,
  "dependencies": {
    "array-buffer-to-hex": {
      "version": "1.0.0",
      "resolved": "https://registry.npmjs.org/array-buffer-to-hex/-/array-buffer-to-hex-1.0.0.tgz",
      "integrity": "sha512-arycdkxgK1cj6s03GDb96tlCxOl1n3kg9M2OHseUc6Pqyqp+lgfceFPmG507eI5V+oxOSEnlOw/dFc7LXBXF4Q=="
    },
    "binstring": {
      "version": "0.2.1",
      "resolved": "https://registry.npmjs.org/binstring/-/binstring-0.2.1.tgz",
      "integrity": "sha1-ihdNMB9tVO/aVQ3Zi7TLUk6s110="
    },
    "hex2ascii": {
      "version": "0.0.3",
      "resolved": "https://registry.npmjs.org/hex2ascii/-/hex2ascii-0.0.3.tgz",
      "integrity": "sha1-LasIutWjRDDdXMdRJx6sSpDq6Po="
    },
    "json-socket": {
      "version": "0.3.0",
      "resolved": "https://registry.npmjs.org/json-socket/-/json-socket-0.3.0.tgz",
      "integrity": "sha512-jc8ZbUnYIWdxERFWQKVgwSLkGSe+kyzvmYxwNaRgx/c8NNyuHes4UHnPM3LUrAFXUx1BhNJ94n1h/KCRlbvV0g=="
    },
    "lodash": {
      "version": "4.17.11",
      "resolved": "https://registry.npmjs.org/lodash/-/lodash-4.17.11.tgz",
      "integrity": "sha512-cQKh8igo5QUhZ7lg38DYWAxMvjSAKG0A8wGSVimP07SIUEK2UO+arSRKbRZWtelMtN5V0Hkwh5ryOto/SshYIg=="
    }
  }
}
