{
  "requires": true,
  "lockfileVersion": 1,
  "dependencies": {
    "json-socket": {
      "version": "0.3.0",
      "resolved": "https://registry.npmjs.org/json-socket/-/json-socket-0.3.0.tgz",
      "integrity": "sha512-jc8ZbUnYIWdxERFWQKVgwSLkGSe+kyzvmYxwNaRgx/c8NNyuHes4UHnPM3LUrAFXUx1BhNJ94n1h/KCRlbvV0g=="
    }
  }
}
